
Microsoft Visual Studio Solution File, Format Version 12.00
# Visual Studio 14
VisualStudioVersion = 14.0.25420.1
MinimumVisualStudioVersion = 10.0.40219.1
Project("{FAE04EC0-301F-11D3-BF4B-00C04F79EFBC}") = "pubgbot", "pubgbot\pubgbot.csproj", "{0E7978BF-5771-4204-B18E-5A2D8598DBBE}"
EndProject
Project("{00D1A9C2-B5F0-4AF3-8072-F6C62B433612}") = "pubgbotDb", "pubgbot\pubgbotDb\pubgbotDb.sqlproj", "{AFEFD7CD-C9CA-4DC7-A508-D5282776028C}"
EndProject
Global
	GlobalSection(SolutionConfigurationPlatforms) = preSolution
		Debug|Any CPU = Debug|Any CPU
		Release|Any CPU = Release|Any CPU
	EndGlobalSection
	GlobalSection(ProjectConfigurationPlatforms) = postSolution
		{0E7978BF-5771-4204-B18E-5A2D8598DBBE}.Debug|Any CPU.ActiveCfg = Debug|Any CPU
		{0E7978BF-5771-4204-B18E-5A2D8598DBBE}.Debug|Any CPU.Build.0 = Debug|Any CPU
		{0E7978BF-5771-4204-B18E-5A2D8598DBBE}.Release|Any CPU.ActiveCfg = Release|Any CPU
		{0E7978BF-5771-4204-B18E-5A2D8598DBBE}.Release|Any CPU.Build.0 = Release|Any CPU
		{AFEFD7CD-C9CA-4DC7-A508-D5282776028C}.Debug|Any CPU.ActiveCfg = Debug|Any CPU
		{AFEFD7CD-C9CA-4DC7-A508-D5282776028C}.Debug|Any CPU.Build.0 = Debug|Any CPU
		{AFEFD7CD-C9CA-4DC7-A508-D5282776028C}.Debug|Any CPU.Deploy.0 = Debug|Any CPU
		{AFEFD7CD-C9CA-4DC7-A508-D5282776028C}.Release|Any CPU.ActiveCfg = Release|Any CPU
		{AFEFD7CD-C9CA-4DC7-A508-D5282776028C}.Release|Any CPU.Build.0 = Release|Any CPU
		{AFEFD7CD-C9CA-4DC7-A508-D5282776028C}.Release|Any CPU.Deploy.0 = Release|Any CPU
	EndGlobalSection
	GlobalSection(SolutionProperties) = preSolution
		HideSolutionNode = FALSE
	EndGlobalSection
EndGlobal
